// !$*UTF8*$!
{
	archiveVersion = 1;
	classes = {
	};
	objectVersion = 55;
	objects = {

/* Begin PBXBuildFile section */
		C10D8DFD27A2365200ECA5BB /* PhotosViewController.swift in Sources */ = {isa = PBXBuildFile; fileRef = C10D8DFC27A2365200ECA5BB /* PhotosViewController.swift */; };
		C10D8DFF27A247CF00ECA5BB /* HobbyViewController.swift in Sources */ = {isa = PBXBuildFile; fileRef = C10D8DFE27A247CF00ECA5BB /* HobbyViewController.swift */; };
		C136195F279950CD002055FD /* AppDelegate.swift in Sources */ = {isa = PBXBuildFile; fileRef = C136195E279950CD002055FD /* AppDelegate.swift */; };
		C1361961279950CD002055FD /* SceneDelegate.swift in Sources */ = {isa = PBXBuildFile; fileRef = C1361960279950CD002055FD /* SceneDelegate.swift */; };
		C1361963279950CD002055FD /* MainViewController.swift in Sources */ = {isa = PBXBuildFile; fileRef = C1361962279950CD002055FD /* MainViewController.swift */; };
		C1361966279950CD002055FD /* Main.storyboard in Resources */ = {isa = PBXBuildFile; fileRef = C1361964279950CD002055FD /* Main.storyboard */; };
		C1361968279950CD002055FD /* Assets.xcassets in Resources */ = {isa = PBXBuildFile; fileRef = C1361967279950CD002055FD /* Assets.xcassets */; };
		C136196B279950CD002055FD /* LaunchScreen.storyboard in Resources */ = {isa = PBXBuildFile; fileRef = C1361969279950CD002055FD /* LaunchScreen.storyboard */; };
		C136197327996CDB002055FD /* EnterViewController.swift in Sources */ = {isa = PBXBuildFile; fileRef = C136197227996CDB002055FD /* EnterViewController.swift */; };
		C1CA3ECE279FE48000E4A245 /* File.swift in Sources */ = {isa = PBXBuildFile; fileRef = C1CA3ECD279FE48000E4A245 /* File.swift */; };
		C1CA3ED727A134C300E4A245 /* IMG_1485.JPG in Resources */ = {isa = PBXBuildFile; fileRef = C1CA3ED627A134C300E4A245 /* IMG_1485.JPG */; };
		C1CA3EDA27A233A200E4A245 /* IMG_4936.jpg in Resources */ = {isa = PBXBuildFile; fileRef = C1CA3ED827A233A200E4A245 /* IMG_4936.jpg */; };
		C1CA3EDB27A233A200E4A245 /* IMG_6274.jpg in Resources */ = {isa = PBXBuildFile; fileRef = C1CA3ED927A233A200E4A245 /* IMG_6274.jpg */; };
/* End PBXBuildFile section */

/* Begin PBXFileReference section */
		C10D8DFC27A2365200ECA5BB /* PhotosViewController.swift */ = {isa = PBXFileReference; lastKnownFileType = sourcecode.swift; name = PhotosViewController.swift; path = LoginApp/ViewControllers/PhotosViewController.swift; sourceTree = SOURCE_ROOT; };
		C10D8DFE27A247CF00ECA5BB /* HobbyViewController.swift */ = {isa = PBXFileReference; lastKnownFileType = sourcecode.swift; path = HobbyViewController.swift; sourceTree = "<group>"; };
		C136195B279950CD002055FD /* LoginApp.app */ = {isa = PBXFileReference; explicitFileType = wrapper.application; includeInIndex = 0; path = LoginApp.app; sourceTree = BUILT_PRODUCTS_DIR; };
		C136195E279950CD002055FD /* AppDelegate.swift */ = {isa = PBXFileReference; lastKnownFileType = sourcecode.swift; path = AppDelegate.swift; sourceTree = "<group>"; };
		C1361960279950CD002055FD /* SceneDelegate.swift */ = {isa = PBXFileReference; lastKnownFileType = sourcecode.swift; path = SceneDelegate.swift; sourceTree = "<group>"; };
		C1361962279950CD002055FD /* MainViewController.swift */ = {isa = PBXFileReference; lastKnownFileType = sourcecode.swift; path = MainViewController.swift; sourceTree = "<group>"; };
		C1361965279950CD002055FD /* Base */ = {isa = PBXFileReference; lastKnownFileType = file.storyboard; name = Base; path = Base.lproj/Main.storyboard; sourceTree = "<group>"; };
		C1361967279950CD002055FD /* Assets.xcassets */ = {isa = PBXFileReference; lastKnownFileType = folder.assetcatalog; path = Assets.xcassets; sourceTree = "<group>"; };
		C136196A279950CD002055FD /* Base */ = {isa = PBXFileReference; lastKnownFileType = file.storyboard; name = Base; path = Base.lproj/LaunchScreen.storyboard; sourceTree = "<group>"; };
		C136196C279950CD002055FD /* Info.plist */ = {isa = PBXFileReference; lastKnownFileType = text.plist.xml; path = Info.plist; sourceTree = "<group>"; };
		C136197227996CDB002055FD /* EnterViewController.swift */ = {isa = PBXFileReference; lastKnownFileType = sourcecode.swift; path = EnterViewController.swift; sourceTree = "<group>"; };
		C1CA3ECD279FE48000E4A245 /* File.swift */ = {isa = PBXFileReference; lastKnownFileType = sourcecode.swift; path = File.swift; sourceTree = "<group>"; };
		C1CA3ED627A134C300E4A245 /* IMG_1485.JPG */ = {isa = PBXFileReference; lastKnownFileType = image.jpeg; path = IMG_1485.JPG; sourceTree = "<group>"; };
		C1CA3ED827A233A200E4A245 /* IMG_4936.jpg */ = {isa = PBXFileReference; lastKnownFileType = image.jpeg; name = IMG_4936.jpg; path = ../../../../../../../../Desktop/IMG_4936.jpg; sourceTree = "<group>"; };
		C1CA3ED927A233A200E4A245 /* IMG_6274.jpg */ = {isa = PBXFileReference; lastKnownFileType = image.jpeg; name = IMG_6274.jpg; path = ../../../../../../../../Desktop/IMG_6274.jpg; sourceTree = "<group>"; };
/* End PBXFileReference section */

/* Begin PBXFrameworksBuildPhase section */
		C1361958279950CD002055FD /* Frameworks */ = {
			isa = PBXFrameworksBuildPhase;
			buildActionMask = 2147483647;
			files = (
			);
			runOnlyForDeploymentPostprocessing = 0;
		};
/* End PBXFrameworksBuildPhase section */

/* Begin PBXGroup section */
		C1361952279950CD002055FD = {
			isa = PBXGroup;
			children = (
				C136195D279950CD002055FD /* LoginApp */,
				C136195C279950CD002055FD /* Products */,
			);
			sourceTree = "<group>";
		};
		C136195C279950CD002055FD /* Products */ = {
			isa = PBXGroup;
			children = (
				C136195B279950CD002055FD /* LoginApp.app */,
			);
			name = Products;
			sourceTree = "<group>";
		};
		C136195D279950CD002055FD /* LoginApp */ = {
			isa = PBXGroup;
			children = (
				C1CA3EC9279FDDC100E4A245 /* ViewControllers */,
				C1CA3ECF279FE48F00E4A245 /* Models */,
				C1CA3ECA279FDE3100E4A245 /* Storyboards */,
				C1CA3ECB279FDE5E00E4A245 /* App */,
				C1CA3ECC279FDEB300E4A245 /* Resources */,
			);
			path = LoginApp;
			sourceTree = "<group>";
		};
		C1CA3EC9279FDDC100E4A245 /* ViewControllers */ = {
			isa = PBXGroup;
			children = (
				C136197227996CDB002055FD /* EnterViewController.swift */,
				C1361962279950CD002055FD /* MainViewController.swift */,
				C10D8DFE27A247CF00ECA5BB /* HobbyViewController.swift */,
				C10D8DFC27A2365200ECA5BB /* PhotosViewController.swift */,
			);
			path = ViewControllers;
			sourceTree = "<group>";
		};
		C1CA3ECA279FDE3100E4A245 /* Storyboards */ = {
			isa = PBXGroup;
			children = (
				C1361964279950CD002055FD /* Main.storyboard */,
				C1361969279950CD002055FD /* LaunchScreen.storyboard */,
			);
			path = Storyboards;
			sourceTree = "<group>";
		};
		C1CA3ECB279FDE5E00E4A245 /* App */ = {
			isa = PBXGroup;
			children = (
				C136195E279950CD002055FD /* AppDelegate.swift */,
				C1361960279950CD002055FD /* SceneDelegate.swift */,
				C136196C279950CD002055FD /* Info.plist */,
			);
			path = App;
			sourceTree = "<group>";
		};
		C1CA3ECC279FDEB300E4A245 /* Resources */ = {
			isa = PBXGroup;
			children = (
				C1CA3ED227A12E5300E4A245 /* Photos */,
				C1361967279950CD002055FD /* Assets.xcassets */,
			);
			path = Resources;
			sourceTree = "<group>";
		};
		C1CA3ECF279FE48F00E4A245 /* Models */ = {
			isa = PBXGroup;
			children = (
				C1CA3ECD279FE48000E4A245 /* File.swift */,
			);
			path = Models;
			sourceTree = "<group>";
		};
		C1CA3ED227A12E5300E4A245 /* Photos */ = {
			isa = PBXGroup;
			children = (
				C1CA3ED827A233A200E4A245 /* IMG_4936.jpg */,
				C1CA3ED927A233A200E4A245 /* IMG_6274.jpg */,
				C1CA3ED627A134C300E4A245 /* IMG_1485.JPG */,
			);
			path = Photos;
			sourceTree = "<group>";
		};
/* End PBXGroup section */

/* Begin PBXNativeTarget section */
		C136195A279950CD002055FD /* LoginApp */ = {
			isa = PBXNativeTarget;
			buildConfigurationList = C136196F279950CD002055FD /* Build configuration list for PBXNativeTarget "LoginApp" */;
			buildPhases = (
				C1361957279950CD002055FD /* Sources */,
				C1361958279950CD002055FD /* Frameworks */,
				C1361959279950CD002055FD /* Resources */,
			);
			buildRules = (
			);
			dependencies = (
			);
			name = LoginApp;
			productName = LoginApp;
			productReference = C136195B279950CD002055FD /* LoginApp.app */;
			productType = "com.apple.product-type.application";
		};
/* End PBXNativeTarget section */

/* Begin PBXProject section */
		C1361953279950CD002055FD /* Project object */ = {
			isa = PBXProject;
			attributes = {
				BuildIndependentTargetsInParallel = 1;
				LastSwiftUpdateCheck = 1320;
				LastUpgradeCheck = 1320;
				TargetAttributes = {
					C136195A279950CD002055FD = {
						CreatedOnToolsVersion = 13.2.1;
					};
				};
			};
			buildConfigurationList = C1361956279950CD002055FD /* Build configuration list for PBXProject "LoginApp" */;
			compatibilityVersion = "Xcode 13.0";
			developmentRegion = en;
			hasScannedForEncodings = 0;
			knownRegions = (
				en,
				Base,
			);
			mainGroup = C1361952279950CD002055FD;
			productRefGroup = C136195C279950CD002055FD /* Products */;
			projectDirPath = "";
			projectRoot = "";
			targets = (
				C136195A279950CD002055FD /* LoginApp */,
			);
		};
/* End PBXProject section */

/* Begin PBXResourcesBuildPhase section */
		C1361959279950CD002055FD /* Resources */ = {
			isa = PBXResourcesBuildPhase;
			buildActionMask = 2147483647;
			files = (
				C1CA3EDA27A233A200E4A245 /* IMG_4936.jpg in Resources */,
				C136196B279950CD002055FD /* LaunchScreen.storyboard in Resources */,
				C1CA3EDB27A233A200E4A245 /* IMG_6274.jpg in Resources */,
				C1CA3ED727A134C300E4A245 /* IMG_1485.JPG in Resources */,
				C1361968279950CD002055FD /* Assets.xcassets in Resources */,
				C1361966279950CD002055FD /* Main.storyboard in Resources */,
			);
			runOnlyForDeploymentPostprocessing = 0;
		};
/* End PBXResourcesBuildPhase section */

/* Begin PBXSourcesBuildPhase section */
		C1361957279950CD002055FD /* Sources */ = {
			isa = PBXSourcesBuildPhase;
			buildActionMask = 2147483647;
			files = (
				C1CA3ECE279FE48000E4A245 /* File.swift in Sources */,
				C1361963279950CD002055FD /* MainViewController.swift in Sources */,
				C10D8DFF27A247CF00ECA5BB /* HobbyViewController.swift in Sources */,
				C136197327996CDB002055FD /* EnterViewController.swift in Sources */,
				C10D8DFD27A2365200ECA5BB /* PhotosViewController.swift in Sources */,
				C136195F279950CD002055FD /* AppDelegate.swift in Sources */,
				C1361961279950CD002055FD /* SceneDelegate.swift in Sources */,
			);
			runOnlyForDeploymentPostprocessing = 0;
		};
/* End PBXSourcesBuildPhase section */

/* Begin PBXVariantGroup section */
		C1361964279950CD002055FD /* Main.storyboard */ = {
			isa = PBXVariantGroup;
			children = (
				C1361965279950CD002055FD /* Base */,
			);
			name = Main.storyboard;
			sourceTree = "<group>";
		};
		C1361969279950CD002055FD /* LaunchScreen.storyboard */ = {
			isa = PBXVariantGroup;
			children = (
				C136196A279950CD002055FD /* Base */,
			);
			name = LaunchScreen.storyboard;
			sourceTree = "<group>";
		};
/* End PBXVariantGroup section */

/* Begin XCBuildConfiguration section */
		C136196D279950CD002055FD /* Debug */ = {
			isa = XCBuildConfiguration;
			buildSettings = {
				ALWAYS_SEARCH_USER_PATHS = NO;
				CLANG_ANALYZER_NONNULL = YES;
				CLANG_ANALYZER_NUMBER_OBJECT_CONVERSION = YES_AGGRESSIVE;
				CLANG_CXX_LANGUAGE_STANDARD = "gnu++17";
				CLANG_CXX_LIBRARY = "libc++";
				CLANG_ENABLE_MODULES = YES;
				CLANG_ENABLE_OBJC_ARC = YES;
				CLANG_ENABLE_OBJC_WEAK = YES;
				CLANG_WARN_BLOCK_CAPTURE_AUTORELEASING = YES;
				CLANG_WARN_BOOL_CONVERSION = YES;
				CLANG_WARN_COMMA = YES;
				CLANG_WARN_CONSTANT_CONVERSION = YES;
				CLANG_WARN_DEPRECATED_OBJC_IMPLEMENTATIONS = YES;
				CLANG_WARN_DIRECT_OBJC_ISA_USAGE = YES_ERROR;
				CLANG_WARN_DOCUMENTATION_COMMENTS = YES;
				CLANG_WARN_EMPTY_BODY = YES;
				CLANG_WARN_ENUM_CONVERSION = YES;
				CLANG_WARN_INFINITE_RECURSION = YES;
				CLANG_WARN_INT_CONVERSION = YES;
				CLANG_WARN_NON_LITERAL_NULL_CONVERSION = YES;
				CLANG_WARN_OBJC_IMPLICIT_RETAIN_SELF = YES;
				CLANG_WARN_OBJC_LITERAL_CONVERSION = YES;
				CLANG_WARN_OBJC_ROOT_CLASS = YES_ERROR;
				CLANG_WARN_QUOTED_INCLUDE_IN_FRAMEWORK_HEADER = YES;
				CLANG_WARN_RANGE_LOOP_ANALYSIS = YES;
				CLANG_WARN_STRICT_PROTOTYPES = YES;
				CLANG_WARN_SUSPICIOUS_MOVE = YES;
				CLANG_WARN_UNGUARDED_AVAILABILITY = YES_AGGRESSIVE;
				CLANG_WARN_UNREACHABLE_CODE = YES;
				CLANG_WARN__DUPLICATE_METHOD_MATCH = YES;
				COPY_PHASE_STRIP = NO;
				DEBUG_INFORMATION_FORMAT = dwarf;
				ENABLE_STRICT_OBJC_MSGSEND = YES;
				ENABLE_TESTABILITY = YES;
				GCC_C_LANGUAGE_STANDARD = gnu11;
				GCC_DYNAMIC_NO_PIC = NO;
				GCC_NO_COMMON_BLOCKS = YES;
				GCC_OPTIMIZATION_LEVEL = 0;
				GCC_PREPROCESSOR_DEFINITIONS = (
					"DEBUG=1",
					"$(inherited)",
				);
				GCC_WARN_64_TO_32_BIT_CONVERSION = YES;
				GCC_WARN_ABOUT_RETURN_TYPE = YES_ERROR;
				GCC_WARN_UNDECLARED_SELECTOR = YES;
				GCC_WARN_UNINITIALIZED_AUTOS = YES_AGGRESSIVE;
				GCC_WARN_UNUSED_FUNCTION = YES;
				GCC_WARN_UNUSED_VARIABLE = YES;
				IPHONEOS_DEPLOYMENT_TARGET = 15.2;
				MTL_ENABLE_DEBUG_INFO = INCLUDE_SOURCE;
				MTL_FAST_MATH = YES;
				ONLY_ACTIVE_ARCH = YES;
				SDKROOT = iphoneos;
				SWIFT_ACTIVE_COMPILATION_CONDITIONS = DEBUG;
				SWIFT_OPTIMIZATION_LEVEL = "-Onone";
			};
			name = Debug;
		};
		C136196E279950CD002055FD /* Release */ = {
			isa = XCBuildConfiguration;
			buildSettings = {
				ALWAYS_SEARCH_USER_PATHS = NO;
				CLANG_ANALYZER_NONNULL = YES;
				CLANG_ANALYZER_NUMBER_OBJECT_CONVERSION = YES_AGGRESSIVE;
				CLANG_CXX_LANGUAGE_STANDARD = "gnu++17";
				CLANG_CXX_LIBRARY = "libc++";
				CLANG_ENABLE_MODULES = YES;
				CLANG_ENABLE_OBJC_ARC = YES;
				CLANG_ENABLE_OBJC_WEAK = YES;
				CLANG_WARN_BLOCK_CAPTURE_AUTORELEASING = YES;
				CLANG_WARN_BOOL_CONVERSION = YES;
				CLANG_WARN_COMMA = YES;
				CLANG_WARN_CONSTANT_CONVERSION = YES;
				CLANG_WARN_DEPRECATED_OBJC_IMPLEMENTATIONS = YES;
				CLANG_WARN_DIRECT_OBJC_ISA_USAGE = YES_ERROR;
				CLANG_WARN_DOCUMENTATION_COMMENTS = YES;
				CLANG_WARN_EMPTY_BODY = YES;
				CLANG_WARN_ENUM_CONVERSION = YES;
				CLANG_WARN_INFINITE_RECURSION = YES;
				CLANG_WARN_INT_CONVERSION = YES;
				CLANG_WARN_NON_LITERAL_NULL_CONVERSION = YES;
				CLANG_WARN_OBJC_IMPLICIT_RETAIN_SELF = YES;
				CLANG_WARN_OBJC_LITERAL_CONVERSION = YES;
				CLANG_WARN_OBJC_ROOT_CLASS = YES_ERROR;
				CLANG_WARN_QUOTED_INCLUDE_IN_FRAMEWORK_HEADER = YES;
				CLANG_WARN_RANGE_LOOP_ANALYSIS = YES;
				CLANG_WARN_STRICT_PROTOTYPES = YES;
				CLANG_WARN_SUSPICIOUS_MOVE = YES;
				CLANG_WARN_UNGUARDED_AVAILABILITY = YES_AGGRESSIVE;
				CLANG_WARN_UNREACHABLE_CODE = YES;
				CLANG_WARN__DUPLICATE_METHOD_MATCH = YES;
				COPY_PHASE_STRIP = NO;
				DEBUG_INFORMATION_FORMAT = "dwarf-with-dsym";
				ENABLE_NS_ASSERTIONS = NO;
				ENABLE_STRICT_OBJC_MSGSEND = YES;
				GCC_C_LANGUAGE_STANDARD = gnu11;
				GCC_NO_COMMON_BLOCKS = YES;
				GCC_WARN_64_TO_32_BIT_CONVERSION = YES;
				GCC_WARN_ABOUT_RETURN_TYPE = YES_ERROR;
				GCC_WARN_UNDECLARED_SELECTOR = YES;
				GCC_WARN_UNINITIALIZED_AUTOS = YES_AGGRESSIVE;
				GCC_WARN_UNUSED_FUNCTION = YES;
				GCC_WARN_UNUSED_VARIABLE = YES;
				IPHONEOS_DEPLOYMENT_TARGET = 15.2;
				MTL_ENABLE_DEBUG_INFO = NO;
				MTL_FAST_MATH = YES;
				SDKROOT = iphoneos;
				SWIFT_COMPILATION_MODE = wholemodule;
				SWIFT_OPTIMIZATION_LEVEL = "-O";
				VALIDATE_PRODUCT = YES;
			};
			name = Release;
		};
		C1361970279950CD002055FD /* Debug */ = {
			isa = XCBuildConfiguration;
			buildSettings = {
				ASSETCATALOG_COMPILER_APPICON_NAME = AppIcon;
				ASSETCATALOG_COMPILER_GLOBAL_ACCENT_COLOR_NAME = AccentColor;
				CODE_SIGN_STYLE = Automatic;
				CURRENT_PROJECT_VERSION = 1;
				DEVELOPMENT_TEAM = GJ8322288B;
				GENERATE_INFOPLIST_FILE = YES;
				INFOPLIST_FILE = LoginApp/App/Info.plist;
				INFOPLIST_KEY_UIApplicationSupportsIndirectInputEvents = YES;
				INFOPLIST_KEY_UILaunchStoryboardName = LaunchScreen;
				INFOPLIST_KEY_UIMainStoryboardFile = Main;
				INFOPLIST_KEY_UISupportedInterfaceOrientations_iPad = "UIInterfaceOrientationPortrait UIInterfaceOrientationPortraitUpsideDown UIInterfaceOrientationLandscapeLeft UIInterfaceOrientationLandscapeRight";
				INFOPLIST_KEY_UISupportedInterfaceOrientations_iPhone = "UIInterfaceOrientationPortrait UIInterfaceOrientationLandscapeLeft UIInterfaceOrientationLandscapeRight";
				LD_RUNPATH_SEARCH_PATHS = (
					"$(inherited)",
					"@executable_path/Frameworks",
				);
				MARKETING_VERSION = 1.0;
				PRODUCT_BUNDLE_IDENTIFIER = ru.swiftbook.LoginAppAldo;
				PRODUCT_NAME = "$(TARGET_NAME)";
				SWIFT_EMIT_LOC_STRINGS = YES;
				SWIFT_VERSION = 5.0;
				TARGETED_DEVICE_FAMILY = 1;
			};
			name = Debug;
		};
		C1361971279950CD002055FD /* Release */ = {
			isa = XCBuildConfiguration;
			buildSettings = {
				ASSETCATALOG_COMPILER_APPICON_NAME = AppIcon;
				ASSETCATALOG_COMPILER_GLOBAL_ACCENT_COLOR_NAME = AccentColor;
				CODE_SIGN_STYLE = Automatic;
				CURRENT_PROJECT_VERSION = 1;
				DEVELOPMENT_TEAM = GJ8322288B;
				GENERATE_INFOPLIST_FILE = YES;
				INFOPLIST_FILE = LoginApp/App/Info.plist;
				INFOPLIST_KEY_UIApplicationSupportsIndirectInputEvents = YES;
				INFOPLIST_KEY_UILaunchStoryboardName = LaunchScreen;
				INFOPLIST_KEY_UIMainStoryboardFile = Main;
				INFOPLIST_KEY_UISupportedInterfaceOrientations_iPad = "UIInterfaceOrientationPortrait UIInterfaceOrientationPortraitUpsideDown UIInterfaceOrientationLandscapeLeft UIInterfaceOrientationLandscapeRight";
				INFOPLIST_KEY_UISupportedInterfaceOrientations_iPhone = "UIInterfaceOrientationPortrait UIInterfaceOrientationLandscapeLeft UIInterfaceOrientationLandscapeRight";
				LD_RUNPATH_SEARCH_PATHS = (
					"$(inherited)",
					"@executable_path/Frameworks",
				);
				MARKETING_VERSION = 1.0;
				PRODUCT_BUNDLE_IDENTIFIER = ru.swiftbook.LoginAppAldo;
				PRODUCT_NAME = "$(TARGET_NAME)";
				SWIFT_EMIT_LOC_STRINGS = YES;
				SWIFT_VERSION = 5.0;
				TARGETED_DEVICE_FAMILY = 1;
			};
			name = Release;
		};
/* End XCBuildConfiguration section */

/* Begin XCConfigurationList section */
		C1361956279950CD002055FD /* Build configuration list for PBXProject "LoginApp" */ = {
			isa = XCConfigurationList;
			buildConfigurations = (
				C136196D279950CD002055FD /* Debug */,
				C136196E279950CD002055FD /* Release */,
			);
			defaultConfigurationIsVisible = 0;
			defaultConfigurationName = Release;
		};
		C136196F279950CD002055FD /* Build configuration list for PBXNativeTarget "LoginApp" */ = {
			isa = XCConfigurationList;
			buildConfigurations = (
				C1361970279950CD002055FD /* Debug */,
				C1361971279950CD002055FD /* Release */,
			);
			defaultConfigurationIsVisible = 0;
			defaultConfigurationName = Release;
		};
/* End XCConfigurationList section */
	};
	rootObject = C1361953279950CD002055FD /* Project object */;
}
